
Microsoft Visual Studio Solution File, Format Version 12.00
# Visual Studio 2012
Project("{FAE04EC0-301F-11D3-BF4B-00C04F79EFBC}") = "Integrator", "Integrator\Integrator.csproj", "{5564035C-115F-477B-9589-71AC2E72BCE6}"
EndProject
Global
	GlobalSection(SolutionConfigurationPlatforms) = preSolution
		Debug|Any CPU = Debug|Any CPU
		Release|Any CPU = Release|Any CPU
	EndGlobalSection
	GlobalSection(ProjectConfigurationPlatforms) = postSolution
		{5564035C-115F-477B-9589-71AC2E72BCE6}.Debug|Any CPU.ActiveCfg = Debug|Any CPU
		{5564035C-115F-477B-9589-71AC2E72BCE6}.Debug|Any CPU.Build.0 = Debug|Any CPU
		{5564035C-115F-477B-9589-71AC2E72BCE6}.Release|Any CPU.ActiveCfg = Release|Any CPU
		{5564035C-115F-477B-9589-71AC2E72BCE6}.Release|Any CPU.Build.0 = Release|Any CPU
	EndGlobalSection
	GlobalSection(SolutionProperties) = preSolution
		HideSolutionNode = FALSE
	EndGlobalSection
EndGlobal
